
Microsoft Visual Studio Solution File, Format Version 12.00
# Visual Studio 2013
VisualStudioVersion = 12.0.20617.1 PREVIEW
MinimumVisualStudioVersion = 10.0.40219.1
Project("{FAE04EC0-301F-11D3-BF4B-00C04F79EFBC}") = "ImageEvolver.Algorithms.EvoLisa", "ImageEvolver.Algorithms.EvoLisa\ImageEvolver.Algorithms.EvoLisa.csproj", "{CB6A0103-4EA4-4465-AD9B-AEF7E8314CC4}"
EndProject
Project("{2150E333-8FDC-42A3-9474-1A3956D46DE8}") = "Library", "Library", "{2C077CE5-082B-4E9B-B9EF-9409912DDED4}"
EndProject
Project("{2150E333-8FDC-42A3-9474-1A3956D46DE8}") = "Applications", "Applications", "{B2BDFE05-1484-44B2-B07F-D42D5744150D}"
EndProject
Project("{FAE04EC0-301F-11D3-BF4B-00C04F79EFBC}") = "ImageEvolver.Apps.ConsoleTestApp", "ImageEvolver.Apps.ConsoleTestApp\ImageEvolver.Apps.ConsoleTestApp.csproj", "{1096F6F7-0CBF-4CA8-A797-72AA8BA71E07}"
EndProject
Project("{FAE04EC0-301F-11D3-BF4B-00C04F79EFBC}") = "ImageEvolver.Resources.Images", "ImageEvolver.Resources.Images\ImageEvolver.Resources.Images.csproj", "{5A2E0B1D-DCA4-4AC4-AF67-47AD46690C11}"
EndProject
Project("{2150E333-8FDC-42A3-9474-1A3956D46DE8}") = "Tests", "Tests", "{7827F946-6DFC-4475-B1E3-3518A2B7B7F1}"
EndProject
Project("{2150E333-8FDC-42A3-9474-1A3956D46DE8}") = ".nuget", ".nuget", "{2BFCC824-CABC-42D1-B285-9743B3608AFD}"
	ProjectSection(SolutionItems) = preProject
		.nuget\NuGet.Config = .nuget\NuGet.Config
		.nuget\NuGet.exe = .nuget\NuGet.exe
		.nuget\NuGet.targets = .nuget\NuGet.targets
	EndProjectSection
EndProject
Project("{FAE04EC0-301F-11D3-BF4B-00C04F79EFBC}") = "ImageEvolver.Core", "ImageEvolver.Core\ImageEvolver.Core.csproj", "{6B38160E-58D5-4EDF-9C68-BE35C36FA315}"
EndProject
Project("{FAE04EC0-301F-11D3-BF4B-00C04F79EFBC}") = "ImageEvolver.Features", "ImageEvolver.Features\ImageEvolver.Features.csproj", "{1FD19629-6857-4B79-9419-A35A244B4EF1}"
EndProject
Project("{FAE04EC0-301F-11D3-BF4B-00C04F79EFBC}") = "ImageEvolver.Rendering.Bitmap", "ImageEvolver.Rendering.Bitmap\ImageEvolver.Rendering.Bitmap.csproj", "{7EDBE367-DA11-4876-85CF-EFF6BB11D8FF}"
EndProject
Project("{FAE04EC0-301F-11D3-BF4B-00C04F79EFBC}") = "ImageEvolver.Rendering.OpenGL", "ImageEvolver.Rendering.OpenGL\ImageEvolver.Rendering.OpenGL.csproj", "{E08E04FF-F740-446D-9AE3-FD2153A7719A}"
EndProject
Project("{2150E333-8FDC-42A3-9474-1A3956D46DE8}") = "External", "External", "{EB215ACE-B251-408F-B775-7C2A9B7C68B0}"
EndProject
Project("{FAE04EC0-301F-11D3-BF4B-00C04F79EFBC}") = "Koeky3D", "lib\Koeky3d\src\Koeky3D\Koeky3D.csproj", "{01A950ED-F882-407A-90A8-A93D21B43289}"
EndProject
Project("{FAE04EC0-301F-11D3-BF4B-00C04F79EFBC}") = "ImageEvolver.Fitness.Bitmap", "ImageEvolver.Fitness.Bitmap\ImageEvolver.Fitness.Bitmap.csproj", "{5E6BD2FF-5274-4590-9BB0-9707D5136DE5}"
EndProject
Project("{FAE04EC0-301F-11D3-BF4B-00C04F79EFBC}") = "ImageEvolver.UnitTests", "ImageEvolver.UnitTests\ImageEvolver.UnitTests.csproj", "{9D01CBCF-ACEF-4873-B3F4-D86544D5F3C7}"
EndProject
Project("{FAE04EC0-301F-11D3-BF4B-00C04F79EFBC}") = "ImageEvolver.Fitness.OpenCL", "ImageEvolver.Fitness.OpenCL\ImageEvolver.Fitness.OpenCL.csproj", "{6AB5E866-C25C-4F48-88A3-2CE6F3E12627}"
EndProject
Project("{FAE04EC0-301F-11D3-BF4B-00C04F79EFBC}") = "Clpp.Core", "lib\clpp.net\src\Clpp.Core\Clpp.Core.csproj", "{E5DF4771-30A4-4246-9FBC-5D650D4F899D}"
EndProject
Project("{FAE04EC0-301F-11D3-BF4B-00C04F79EFBC}") = "ImageEvolver.Apps.OpenGLTestApp", "ImageEvolver.Apps.OpenGLTestApp\ImageEvolver.Apps.OpenGLTestApp.csproj", "{8289873A-99A0-4B8B-A561-81F21B543150}"
EndProject
Global
	GlobalSection(SolutionConfigurationPlatforms) = preSolution
		Debug|Any CPU = Debug|Any CPU
		Release|Any CPU = Release|Any CPU
	EndGlobalSection
	GlobalSection(ProjectConfigurationPlatforms) = postSolution
		{CB6A0103-4EA4-4465-AD9B-AEF7E8314CC4}.Debug|Any CPU.ActiveCfg = Debug|Any CPU
		{CB6A0103-4EA4-4465-AD9B-AEF7E8314CC4}.Debug|Any CPU.Build.0 = Debug|Any CPU
		{CB6A0103-4EA4-4465-AD9B-AEF7E8314CC4}.Release|Any CPU.ActiveCfg = Release|Any CPU
		{CB6A0103-4EA4-4465-AD9B-AEF7E8314CC4}.Release|Any CPU.Build.0 = Release|Any CPU
		{1096F6F7-0CBF-4CA8-A797-72AA8BA71E07}.Debug|Any CPU.ActiveCfg = Debug|Any CPU
		{1096F6F7-0CBF-4CA8-A797-72AA8BA71E07}.Debug|Any CPU.Build.0 = Debug|Any CPU
		{1096F6F7-0CBF-4CA8-A797-72AA8BA71E07}.Release|Any CPU.ActiveCfg = Release|Any CPU
		{1096F6F7-0CBF-4CA8-A797-72AA8BA71E07}.Release|Any CPU.Build.0 = Release|Any CPU
		{5A2E0B1D-DCA4-4AC4-AF67-47AD46690C11}.Debug|Any CPU.ActiveCfg = Debug|Any CPU
		{5A2E0B1D-DCA4-4AC4-AF67-47AD46690C11}.Debug|Any CPU.Build.0 = Debug|Any CPU
		{5A2E0B1D-DCA4-4AC4-AF67-47AD46690C11}.Release|Any CPU.ActiveCfg = Release|Any CPU
		{5A2E0B1D-DCA4-4AC4-AF67-47AD46690C11}.Release|Any CPU.Build.0 = Release|Any CPU
		{6B38160E-58D5-4EDF-9C68-BE35C36FA315}.Debug|Any CPU.ActiveCfg = Debug|Any CPU
		{6B38160E-58D5-4EDF-9C68-BE35C36FA315}.Debug|Any CPU.Build.0 = Debug|Any CPU
		{6B38160E-58D5-4EDF-9C68-BE35C36FA315}.Release|Any CPU.ActiveCfg = Release|Any CPU
		{6B38160E-58D5-4EDF-9C68-BE35C36FA315}.Release|Any CPU.Build.0 = Release|Any CPU
		{1FD19629-6857-4B79-9419-A35A244B4EF1}.Debug|Any CPU.ActiveCfg = Debug|Any CPU
		{1FD19629-6857-4B79-9419-A35A244B4EF1}.Debug|Any CPU.Build.0 = Debug|Any CPU
		{1FD19629-6857-4B79-9419-A35A244B4EF1}.Release|Any CPU.ActiveCfg = Release|Any CPU
		{1FD19629-6857-4B79-9419-A35A244B4EF1}.Release|Any CPU.Build.0 = Release|Any CPU
		{7EDBE367-DA11-4876-85CF-EFF6BB11D8FF}.Debug|Any CPU.ActiveCfg = Debug|Any CPU
		{7EDBE367-DA11-4876-85CF-EFF6BB11D8FF}.Debug|Any CPU.Build.0 = Debug|Any CPU
		{7EDBE367-DA11-4876-85CF-EFF6BB11D8FF}.Release|Any CPU.ActiveCfg = Release|Any CPU
		{7EDBE367-DA11-4876-85CF-EFF6BB11D8FF}.Release|Any CPU.Build.0 = Release|Any CPU
		{E08E04FF-F740-446D-9AE3-FD2153A7719A}.Debug|Any CPU.ActiveCfg = Debug|Any CPU
		{E08E04FF-F740-446D-9AE3-FD2153A7719A}.Debug|Any CPU.Build.0 = Debug|Any CPU
		{E08E04FF-F740-446D-9AE3-FD2153A7719A}.Release|Any CPU.ActiveCfg = Release|Any CPU
		{E08E04FF-F740-446D-9AE3-FD2153A7719A}.Release|Any CPU.Build.0 = Release|Any CPU
		{01A950ED-F882-407A-90A8-A93D21B43289}.Debug|Any CPU.ActiveCfg = Debug|Any CPU
		{01A950ED-F882-407A-90A8-A93D21B43289}.Debug|Any CPU.Build.0 = Debug|Any CPU
		{01A950ED-F882-407A-90A8-A93D21B43289}.Release|Any CPU.ActiveCfg = Release|Any CPU
		{01A950ED-F882-407A-90A8-A93D21B43289}.Release|Any CPU.Build.0 = Release|Any CPU
		{5E6BD2FF-5274-4590-9BB0-9707D5136DE5}.Debug|Any CPU.ActiveCfg = Debug|Any CPU
		{5E6BD2FF-5274-4590-9BB0-9707D5136DE5}.Debug|Any CPU.Build.0 = Debug|Any CPU
		{5E6BD2FF-5274-4590-9BB0-9707D5136DE5}.Release|Any CPU.ActiveCfg = Release|Any CPU
		{5E6BD2FF-5274-4590-9BB0-9707D5136DE5}.Release|Any CPU.Build.0 = Release|Any CPU
		{9D01CBCF-ACEF-4873-B3F4-D86544D5F3C7}.Debug|Any CPU.ActiveCfg = Debug|Any CPU
		{9D01CBCF-ACEF-4873-B3F4-D86544D5F3C7}.Debug|Any CPU.Build.0 = Debug|Any CPU
		{9D01CBCF-ACEF-4873-B3F4-D86544D5F3C7}.Release|Any CPU.ActiveCfg = Release|Any CPU
		{9D01CBCF-ACEF-4873-B3F4-D86544D5F3C7}.Release|Any CPU.Build.0 = Release|Any CPU
		{6AB5E866-C25C-4F48-88A3-2CE6F3E12627}.Debug|Any CPU.ActiveCfg = Debug|Any CPU
		{6AB5E866-C25C-4F48-88A3-2CE6F3E12627}.Debug|Any CPU.Build.0 = Debug|Any CPU
		{6AB5E866-C25C-4F48-88A3-2CE6F3E12627}.Release|Any CPU.ActiveCfg = Release|Any CPU
		{6AB5E866-C25C-4F48-88A3-2CE6F3E12627}.Release|Any CPU.Build.0 = Release|Any CPU
		{E5DF4771-30A4-4246-9FBC-5D650D4F899D}.Debug|Any CPU.ActiveCfg = Debug|Any CPU
		{E5DF4771-30A4-4246-9FBC-5D650D4F899D}.Debug|Any CPU.Build.0 = Debug|Any CPU
		{E5DF4771-30A4-4246-9FBC-5D650D4F899D}.Release|Any CPU.ActiveCfg = Release|Any CPU
		{E5DF4771-30A4-4246-9FBC-5D650D4F899D}.Release|Any CPU.Build.0 = Release|Any CPU
		{8289873A-99A0-4B8B-A561-81F21B543150}.Debug|Any CPU.ActiveCfg = Debug|Any CPU
		{8289873A-99A0-4B8B-A561-81F21B543150}.Debug|Any CPU.Build.0 = Debug|Any CPU
		{8289873A-99A0-4B8B-A561-81F21B543150}.Release|Any CPU.ActiveCfg = Release|Any CPU
		{8289873A-99A0-4B8B-A561-81F21B543150}.Release|Any CPU.Build.0 = Release|Any CPU
	EndGlobalSection
	GlobalSection(SolutionProperties) = preSolution
		HideSolutionNode = FALSE
	EndGlobalSection
	GlobalSection(NestedProjects) = preSolution
		{CB6A0103-4EA4-4465-AD9B-AEF7E8314CC4} = {2C077CE5-082B-4E9B-B9EF-9409912DDED4}
		{5A2E0B1D-DCA4-4AC4-AF67-47AD46690C11} = {2C077CE5-082B-4E9B-B9EF-9409912DDED4}
		{6B38160E-58D5-4EDF-9C68-BE35C36FA315} = {2C077CE5-082B-4E9B-B9EF-9409912DDED4}
		{1FD19629-6857-4B79-9419-A35A244B4EF1} = {2C077CE5-082B-4E9B-B9EF-9409912DDED4}
		{7EDBE367-DA11-4876-85CF-EFF6BB11D8FF} = {2C077CE5-082B-4E9B-B9EF-9409912DDED4}
		{E08E04FF-F740-446D-9AE3-FD2153A7719A} = {2C077CE5-082B-4E9B-B9EF-9409912DDED4}
		{EB215ACE-B251-408F-B775-7C2A9B7C68B0} = {2C077CE5-082B-4E9B-B9EF-9409912DDED4}
		{5E6BD2FF-5274-4590-9BB0-9707D5136DE5} = {2C077CE5-082B-4E9B-B9EF-9409912DDED4}
		{6AB5E866-C25C-4F48-88A3-2CE6F3E12627} = {2C077CE5-082B-4E9B-B9EF-9409912DDED4}
		{1096F6F7-0CBF-4CA8-A797-72AA8BA71E07} = {B2BDFE05-1484-44B2-B07F-D42D5744150D}
		{8289873A-99A0-4B8B-A561-81F21B543150} = {B2BDFE05-1484-44B2-B07F-D42D5744150D}
		{9D01CBCF-ACEF-4873-B3F4-D86544D5F3C7} = {7827F946-6DFC-4475-B1E3-3518A2B7B7F1}
		{01A950ED-F882-407A-90A8-A93D21B43289} = {EB215ACE-B251-408F-B775-7C2A9B7C68B0}
		{E5DF4771-30A4-4246-9FBC-5D650D4F899D} = {EB215ACE-B251-408F-B775-7C2A9B7C68B0}
	EndGlobalSection
EndGlobal
